PODS:
  - DropDown (2.3.13)
  - Stripe (21.13.0):
    - Stripe/Stripe3DS2 (= 21.13.0)
    - StripeApplePay (= 21.13.0)
    - StripeCore (= 21.13.0)
    - StripeUICore (= 21.13.0)
  - Stripe/Stripe3DS2 (21.13.0):
    - StripeApplePay (= 21.13.0)
    - StripeCore (= 21.13.0)
    - StripeUICore (= 21.13.0)
  - StripeApplePay (21.13.0):
    - StripeCore (= 21.13.0)
  - StripeCore (21.13.0)
  - StripeUICore (21.13.0):
    - StripeCore (= 21.13.0)

DEPENDENCIES:
  - DropDown
  - Stripe

SPEC REPOS:
  trunk:
    - DropDown
    - Stripe
    - StripeApplePay
    - StripeCore
    - StripeUICore

SPEC CHECKSUMS:
  DropDown: 8a2116376c1981888557f72ec2ffc9a5e0e456ec
  Stripe: 1c350569f719f194d1a58a9564279d236d72c942
  StripeApplePay: 2ec807acb7f95e948d430e50aa49b6b04475f1a5
  StripeCore: a855a2f0d2d478afd9c2a3daccfbe6df6708fcc0
  StripeUICore: a7e450146986fab95293b0164dd37dda7994982b

PODFILE CHECKSUM: 600751c9a9afd154a77178cf2954680e6c2478aa

COCOAPODS: 1.11.3
